
Microsoft Visual Studio Solution File, Format Version 12.00
# Visual Studio 2013
VisualStudioVersion = 12.0.21005.1
MinimumVisualStudioVersion = 10.0.40219.1
Project("{FAE04EC0-301F-11D3-BF4B-00C04F79EFBC}") = "TheBowlingGameKata", "TheBowlingGameKata\TheBowlingGameKata.csproj", "{83A8F9A8-C63D-4317-AC4F-09E3444F3E0D}"
EndProject
Project("{FAE04EC0-301F-11D3-BF4B-00C04F79EFBC}") = "UnitTestProject1", "UnitTestProject1\UnitTestProject1.csproj", "{09131079-3BD7-4010-9AD6-A8FA06EE0602}"
EndProject
Global
	GlobalSection(SolutionConfigurationPlatforms) = preSolution
		Debug|Any CPU = Debug|Any CPU
		Release|Any CPU = Release|Any CPU
	EndGlobalSection
	GlobalSection(ProjectConfigurationPlatforms) = postSolution
		{83A8F9A8-C63D-4317-AC4F-09E3444F3E0D}.Debug|Any CPU.ActiveCfg = Debug|Any CPU
		{83A8F9A8-C63D-4317-AC4F-09E3444F3E0D}.Debug|Any CPU.Build.0 = Debug|Any CPU
		{83A8F9A8-C63D-4317-AC4F-09E3444F3E0D}.Release|Any CPU.ActiveCfg = Release|Any CPU
		{83A8F9A8-C63D-4317-AC4F-09E3444F3E0D}.Release|Any CPU.Build.0 = Release|Any CPU
		{09131079-3BD7-4010-9AD6-A8FA06EE0602}.Debug|Any CPU.ActiveCfg = Debug|Any CPU
		{09131079-3BD7-4010-9AD6-A8FA06EE0602}.Debug|Any CPU.Build.0 = Debug|Any CPU
		{09131079-3BD7-4010-9AD6-A8FA06EE0602}.Release|Any CPU.ActiveCfg = Release|Any CPU
		{09131079-3BD7-4010-9AD6-A8FA06EE0602}.Release|Any CPU.Build.0 = Release|Any CPU
	EndGlobalSection
	GlobalSection(SolutionProperties) = preSolution
		HideSolutionNode = FALSE
	EndGlobalSection
EndGlobal
